
Microsoft Visual Studio Solution File, Format Version 12.00
# Visual Studio 15
Project("{FAE04EC0-301F-11D3-BF4B-00C04F79EFBC}") = "Assembly-CSharp", "Assembly-CSharp.csproj", "{0E5F9355-3B73-0426-E496-460CE6C35F26}"
EndProject
Project("{FAE04EC0-301F-11D3-BF4B-00C04F79EFBC}") = "Assembly-CSharp-Editor", "Assembly-CSharp-Editor.csproj", "{46FF70E4-98CB-886C-2CF5-68328660FD69}"
EndProject
Global
	GlobalSection(SolutionConfigurationPlatforms) = preSolution
		Debug|Any CPU = Debug|Any CPU
		Release|Any CPU = Release|Any CPU
	EndGlobalSection
	GlobalSection(ProjectConfigurationPlatforms) = postSolution
		{0E5F9355-3B73-0426-E496-460CE6C35F26}.Debug|Any CPU.ActiveCfg = Debug|Any CPU
		{0E5F9355-3B73-0426-E496-460CE6C35F26}.Debug|Any CPU.Build.0 = Debug|Any CPU
		{0E5F9355-3B73-0426-E496-460CE6C35F26}.Release|Any CPU.ActiveCfg = Release|Any CPU
		{0E5F9355-3B73-0426-E496-460CE6C35F26}.Release|Any CPU.Build.0 = Release|Any CPU
		{46FF70E4-98CB-886C-2CF5-68328660FD69}.Debug|Any CPU.ActiveCfg = Debug|Any CPU
		{46FF70E4-98CB-886C-2CF5-68328660FD69}.Debug|Any CPU.Build.0 = Debug|Any CPU
		{46FF70E4-98CB-886C-2CF5-68328660FD69}.Release|Any CPU.ActiveCfg = Release|Any CPU
		{46FF70E4-98CB-886C-2CF5-68328660FD69}.Release|Any CPU.Build.0 = Release|Any CPU
	EndGlobalSection
	GlobalSection(SolutionProperties) = preSolution
		HideSolutionNode = FALSE
	EndGlobalSection
EndGlobal
